// !$*UTF8*$!
{
	archiveVersion = 1;
	classes = {
	};
	objectVersion = 48;
	objects = {

/* Begin PBXBuildFile section */
		047128FE214A710D00C8F30A /* AppDelegate.m in Sources */ = {isa = PBXBuildFile; fileRef = 047128FD214A710D00C8F30A /* AppDelegate.m */; };
		04712901214A710D00C8F30A /* ViewController.m in Sources */ = {isa = PBXBuildFile; fileRef = 04712900214A710D00C8F30A /* ViewController.m */; };
		04712904214A710D00C8F30A /* Main.storyboard in Resources */ = {isa = PBXBuildFile; fileRef = 04712902214A710D00C8F30A /* Main.storyboard */; };
		04712906214A710D00C8F30A /* Assets.xcassets in Resources */ = {isa = PBXBuildFile; fileRef = 04712905214A710D00C8F30A /* Assets.xcassets */; };
		04712909214A710D00C8F30A /* LaunchScreen.storyboard in Resources */ = {isa = PBXBuildFile; fileRef = 04712907214A710D00C8F30A /* LaunchScreen.storyboard */; };
		0471290C214A710E00C8F30A /* main.m in Sources */ = {isa = PBXBuildFile; fileRef = 0471290B214A710E00C8F30A /* main.m */; };
		04712915214A713F00C8F30A /* HYTimeManager.m in Sources */ = {isa = PBXBuildFile; fileRef = 04712914214A713F00C8F30A /* HYTimeManager.m */; };
/* End PBXBuildFile section */

/* Begin PBXFileReference section */
		047128F9214A710D00C8F30A /* HYTimeManager.app */ = {isa = PBXFileReference; explicitFileType = wrapper.application; includeInIndex = 0; path = HYTimeManager.app; sourceTree = BUILT_PRODUCTS_DIR; };
		047128FC214A710D00C8F30A /* AppDelegate.h */ = {isa = PBXFileReference; lastKnownFileType = sourcecode.c.h; path = AppDelegate.h; sourceTree = "<group>"; };
		047128FD214A710D00C8F30A /* AppDelegate.m */ = {isa = PBXFileReference; lastKnownFileType = sourcecode.c.objc; path = AppDelegate.m; sourceTree = "<group>"; };
		047128FF214A710D00C8F30A /* ViewController.h */ = {isa = PBXFileReference; lastKnownFileType = sourcecode.c.h; path = ViewController.h; sourceTree = "<group>"; };
		04712900214A710D00C8F30A /* ViewController.m */ = {isa = PBXFileReference; lastKnownFileType = sourcecode.c.objc; path = ViewController.m; sourceTree = "<group>"; };
		04712903214A710D00C8F30A /* Base */ = {isa = PBXFileReference; lastKnownFileType = file.storyboard; name = Base; path = Base.lproj/Main.storyboard; sourceTree = "<group>"; };
		04712905214A710D00C8F30A /* Assets.xcassets */ = {isa = PBXFileReference; lastKnownFileType = folder.assetcatalog; path = Assets.xcassets; sourceTree = "<group>"; };
		04712908214A710D00C8F30A /* Base */ = {isa = PBXFileReference; lastKnownFileType = file.storyboard; name = Base; path = Base.lproj/LaunchScreen.storyboard; sourceTree = "<group>"; };
		0471290A214A710D00C8F30A /* Info.plist */ = {isa = PBXFileReference; lastKnownFileType = text.plist.xml; path = Info.plist; sourceTree = "<group>"; };
		0471290B214A710E00C8F30A /* main.m */ = {isa = PBXFileReference; lastKnownFileType = sourcecode.c.objc; path = main.m; sourceTree = "<group>"; };
		04712913214A713F00C8F30A /* HYTimeManager.h */ = {isa = PBXFileReference; lastKnownFileType = sourcecode.c.h; path = HYTimeManager.h; sourceTree = "<group>"; };
		04712914214A713F00C8F30A /* HYTimeManager.m */ = {isa = PBXFileReference; lastKnownFileType = sourcecode.c.objc; path = HYTimeManager.m; sourceTree = "<group>"; };
/* End PBXFileReference section */

/* Begin PBXFrameworksBuildPhase section */
		047128F6214A710D00C8F30A /* Frameworks */ = {
			isa = PBXFrameworksBuildPhase;
			buildActionMask = 2147483647;
			files = (
			);
			runOnlyForDeploymentPostprocessing = 0;
		};
/* End PBXFrameworksBuildPhase section */

/* Begin PBXGroup section */
		047128F0214A710C00C8F30A = {
			isa = PBXGroup;
			children = (
				047128FB214A710D00C8F30A /* HYTimeManager */,
				047128FA214A710D00C8F30A /* Products */,
			);
			sourceTree = "<group>";
		};
		047128FA214A710D00C8F30A /* Products */ = {
			isa = PBXGroup;
			children = (
				047128F9214A710D00C8F30A /* HYTimeManager.app */,
			);
			name = Products;
			sourceTree = "<group>";
		};
		047128FB214A710D00C8F30A /* HYTimeManager */ = {
			isa = PBXGroup;
			children = (
				04712912214A712A00C8F30A /* HYTimeManager */,
				047128FC214A710D00C8F30A /* AppDelegate.h */,
				047128FD214A710D00C8F30A /* AppDelegate.m */,
				047128FF214A710D00C8F30A /* ViewController.h */,
				04712900214A710D00C8F30A /* ViewController.m */,
				04712902214A710D00C8F30A /* Main.storyboard */,
				04712905214A710D00C8F30A /* Assets.xcassets */,
				04712907214A710D00C8F30A /* LaunchScreen.storyboard */,
				0471290A214A710D00C8F30A /* Info.plist */,
				0471290B214A710E00C8F30A /* main.m */,
			);
			path = HYTimeManager;
			sourceTree = "<group>";
		};
		04712912214A712A00C8F30A /* HYTimeManager */ = {
			isa = PBXGroup;
			children = (
				04712913214A713F00C8F30A /* HYTimeManager.h */,
				04712914214A713F00C8F30A /* HYTimeManager.m */,
			);
			path = HYTimeManager;
			sourceTree = "<group>";
		};
/* End PBXGroup section */

/* Begin PBXNativeTarget section */
		047128F8214A710D00C8F30A /* HYTimeManager */ = {
			isa = PBXNativeTarget;
			buildConfigurationList = 0471290F214A710E00C8F30A /* Build configuration list for PBXNativeTarget "HYTimeManager" */;
			buildPhases = (
				047128F5214A710D00C8F30A /* Sources */,
				047128F6214A710D00C8F30A /* Frameworks */,
				047128F7214A710D00C8F30A /* Resources */,
			);
			buildRules = (
			);
			dependencies = (
			);
			name = HYTimeManager;
			productName = HYTimeManager;
			productReference = 047128F9214A710D00C8F30A /* HYTimeManager.app */;
			productType = "com.apple.product-type.application";
		};
/* End PBXNativeTarget section */

/* Begin PBXProject section */
		047128F1214A710C00C8F30A /* Project object */ = {
			isa = PBXProject;
			attributes = {
				LastUpgradeCheck = 0920;
				ORGANIZATIONNAME = hy;
				TargetAttributes = {
					047128F8214A710D00C8F30A = {
						CreatedOnToolsVersion = 9.2;
						ProvisioningStyle = Automatic;
					};
				};
			};
			buildConfigurationList = 047128F4214A710C00C8F30A /* Build configuration list for PBXProject "HYTimeManager" */;
			compatibilityVersion = "Xcode 8.0";
			developmentRegion = en;
			hasScannedForEncodings = 0;
			knownRegions = (
				en,
				Base,
			);
			mainGroup = 047128F0214A710C00C8F30A;
			productRefGroup = 047128FA214A710D00C8F30A /* Products */;
			projectDirPath = "";
			projectRoot = "";
			targets = (
				047128F8214A710D00C8F30A /* HYTimeManager */,
			);
		};
/* End PBXProject section */

/* Begin PBXResourcesBuildPhase section */
		047128F7214A710D00C8F30A /* Resources */ = {
			isa = PBXResourcesBuildPhase;
			buildActionMask = 2147483647;
			files = (
				04712909214A710D00C8F30A /* LaunchScreen.storyboard in Resources */,
				04712906214A710D00C8F30A /* Assets.xcassets in Resources */,
				04712904214A710D00C8F30A /* Main.storyboard in Resources */,
			);
			runOnlyForDeploymentPostprocessing = 0;
		};
/* End PBXResourcesBuildPhase section */

/* Begin PBXSourcesBuildPhase section */
		047128F5214A710D00C8F30A /* Sources */ = {
			isa = PBXSourcesBuildPhase;
			buildActionMask = 2147483647;
			files = (
				04712901214A710D00C8F30A /* ViewController.m in Sources */,
				04712915214A713F00C8F30A /* HYTimeManager.m in Sources */,
				0471290C214A710E00C8F30A /* main.m in Sources */,
				047128FE214A710D00C8F30A /* AppDelegate.m in Sources */,
			);
			runOnlyForDeploymentPostprocessing = 0;
		};
/* End PBXSourcesBuildPhase section */

/* Begin PBXVariantGroup section */
		04712902214A710D00C8F30A /* Main.storyboard */ = {
			isa = PBXVariantGroup;
			children = (
				04712903214A710D00C8F30A /* Base */,
			);
			name = Main.storyboard;
			sourceTree = "<group>";
		};
		04712907214A710D00C8F30A /* LaunchScreen.storyboard */ = {
			isa = PBXVariantGroup;
			children = (
				04712908214A710D00C8F30A /* Base */,
			);
			name = LaunchScreen.storyboard;
			sourceTree = "<group>";
		};
/* End PBXVariantGroup section */

/* Begin XCBuildConfiguration section */
		0471290D214A710E00C8F30A /* Debug */ = {
			isa = XCBuildConfiguration;
			buildSettings = {
				ALWAYS_SEARCH_USER_PATHS = NO;
				CLANG_ANALYZER_NONNULL = YES;
				CLANG_ANALYZER_NUMBER_OBJECT_CONVERSION = YES_AGGRESSIVE;
				CLANG_CXX_LANGUAGE_STANDARD = "gnu++14";
				CLANG_CXX_LIBRARY = "libc++";
				CLANG_ENABLE_MODULES = YES;
				CLANG_ENABLE_OBJC_ARC = YES;
				CLANG_WARN_BLOCK_CAPTURE_AUTORELEASING = YES;
				CLANG_WARN_BOOL_CONVERSION = YES;
				CLANG_WARN_COMMA = YES;
				CLANG_WARN_CONSTANT_CONVERSION = YES;
				CLANG_WARN_DIRECT_OBJC_ISA_USAGE = YES_ERROR;
				CLANG_WARN_DOCUMENTATION_COMMENTS = YES;
				CLANG_WARN_EMPTY_BODY = YES;
				CLANG_WARN_ENUM_CONVERSION = YES;
				CLANG_WARN_INFINITE_RECURSION = YES;
				CLANG_WARN_INT_CONVERSION = YES;
				CLANG_WARN_NON_LITERAL_NULL_CONVERSION = YES;
				CLANG_WARN_OBJC_LITERAL_CONVERSION = YES;
				CLANG_WARN_OBJC_ROOT_CLASS = YES_ERROR;
				CLANG_WARN_RANGE_LOOP_ANALYSIS = YES;
				CLANG_WARN_STRICT_PROTOTYPES = YES;
				CLANG_WARN_SUSPICIOUS_MOVE = YES;
				CLANG_WARN_UNGUARDED_AVAILABILITY = YES_AGGRESSIVE;
				CLANG_WARN_UNREACHABLE_CODE = YES;
				CLANG_WARN__DUPLICATE_METHOD_MATCH = YES;
				CODE_SIGN_IDENTITY = "iPhone Developer";
				COPY_PHASE_STRIP = NO;
				DEBUG_INFORMATION_FORMAT = dwarf;
				ENABLE_STRICT_OBJC_MSGSEND = YES;
				ENABLE_TESTABILITY = YES;
				GCC_C_LANGUAGE_STANDARD = gnu11;
				GCC_DYNAMIC_NO_PIC = NO;
				GCC_NO_COMMON_BLOCKS = YES;
				GCC_OPTIMIZATION_LEVEL = 0;
				GCC_PREPROCESSOR_DEFINITIONS = (
					"DEBUG=1",
					"$(inherited)",
				);
				GCC_WARN_64_TO_32_BIT_CONVERSION = YES;
				GCC_WARN_ABOUT_RETURN_TYPE = YES_ERROR;
				GCC_WARN_UNDECLARED_SELECTOR = YES;
				GCC_WARN_UNINITIALIZED_AUTOS = YES_AGGRESSIVE;
				GCC_WARN_UNUSED_FUNCTION = YES;
				GCC_WARN_UNUSED_VARIABLE = YES;
				IPHONEOS_DEPLOYMENT_TARGET = 11.2;
				MTL_ENABLE_DEBUG_INFO = YES;
				ONLY_ACTIVE_ARCH = YES;
				SDKROOT = iphoneos;
			};
			name = Debug;
		};
		0471290E214A710E00C8F30A /* Release */ = {
			isa = XCBuildConfiguration;
			buildSettings = {
				ALWAYS_SEARCH_USER_PATHS = NO;
				CLANG_ANALYZER_NONNULL = YES;
				CLANG_ANALYZER_NUMBER_OBJECT_CONVERSION = YES_AGGRESSIVE;
				CLANG_CXX_LANGUAGE_STANDARD = "gnu++14";
				CLANG_CXX_LIBRARY = "libc++";
				CLANG_ENABLE_MODULES = YES;
				CLANG_ENABLE_OBJC_ARC = YES;
				CLANG_WARN_BLOCK_CAPTURE_AUTORELEASING = YES;
				CLANG_WARN_BOOL_CONVERSION = YES;
				CLANG_WARN_COMMA = YES;
				CLANG_WARN_CONSTANT_CONVERSION = YES;
				CLANG_WARN_DIRECT_OBJC_ISA_USAGE = YES_ERROR;
				CLANG_WARN_DOCUMENTATION_COMMENTS = YES;
				CLANG_WARN_EMPTY_BODY = YES;
				CLANG_WARN_ENUM_CONVERSION = YES;
				CLANG_WARN_INFINITE_RECURSION = YES;
				CLANG_WARN_INT_CONVERSION = YES;
				CLANG_WARN_NON_LITERAL_NULL_CONVERSION = YES;
				CLANG_WARN_OBJC_LITERAL_CONVERSION = YES;
				CLANG_WARN_OBJC_ROOT_CLASS = YES_ERROR;
				CLANG_WARN_RANGE_LOOP_ANALYSIS = YES;
				CLANG_WARN_STRICT_PROTOTYPES = YES;
				CLANG_WARN_SUSPICIOUS_MOVE = YES;
				CLANG_WARN_UNGUARDED_AVAILABILITY = YES_AGGRESSIVE;
				CLANG_WARN_UNREACHABLE_CODE = YES;
				CLANG_WARN__DUPLICATE_METHOD_MATCH = YES;
				CODE_SIGN_IDENTITY = "iPhone Developer";
				COPY_PHASE_STRIP = NO;
				DEBUG_INFORMATION_FORMAT = "dwarf-with-dsym";
				ENABLE_NS_ASSERTIONS = NO;
				ENABLE_STRICT_OBJC_MSGSEND = YES;
				GCC_C_LANGUAGE_STANDARD = gnu11;
				GCC_NO_COMMON_BLOCKS = YES;
				GCC_WARN_64_TO_32_BIT_CONVERSION = YES;
				GCC_WARN_ABOUT_RETURN_TYPE = YES_ERROR;
				GCC_WARN_UNDECLARED_SELECTOR = YES;
				GCC_WARN_UNINITIALIZED_AUTOS = YES_AGGRESSIVE;
				GCC_WARN_UNUSED_FUNCTION = YES;
				GCC_WARN_UNUSED_VARIABLE = YES;
				IPHONEOS_DEPLOYMENT_TARGET = 11.2;
				MTL_ENABLE_DEBUG_INFO = NO;
				SDKROOT = iphoneos;
				VALIDATE_PRODUCT = YES;
			};
			name = Release;
		};
		04712910214A710E00C8F30A /* Debug */ = {
			isa = XCBuildConfiguration;
			buildSettings = {
				ASSETCATALOG_COMPILER_APPICON_NAME = AppIcon;
				CODE_SIGN_STYLE = Automatic;
				INFOPLIST_FILE = HYTimeManager/Info.plist;
				LD_RUNPATH_SEARCH_PATHS = "$(inherited) @executable_path/Frameworks";
				PRODUCT_BUNDLE_IDENTIFIER = "-23.HYTimeManager";
				PRODUCT_NAME = "$(TARGET_NAME)";
				TARGETED_DEVICE_FAMILY = "1,2";
			};
			name = Debug;
		};
		04712911214A710E00C8F30A /* Release */ = {
			isa = XCBuildConfiguration;
			buildSettings = {
				ASSETCATALOG_COMPILER_APPICON_NAME = AppIcon;
				CODE_SIGN_STYLE = Automatic;
				INFOPLIST_FILE = HYTimeManager/Info.plist;
				LD_RUNPATH_SEARCH_PATHS = "$(inherited) @executable_path/Frameworks";
				PRODUCT_BUNDLE_IDENTIFIER = "-23.HYTimeManager";
				PRODUCT_NAME = "$(TARGET_NAME)";
				TARGETED_DEVICE_FAMILY = "1,2";
			};
			name = Release;
		};
/* End XCBuildConfiguration section */

/* Begin XCConfigurationList section */
		047128F4214A710C00C8F30A /* Build configuration list for PBXProject "HYTimeManager" */ = {
			isa = XCConfigurationList;
			buildConfigurations = (
				0471290D214A710E00C8F30A /* Debug */,
				0471290E214A710E00C8F30A /* Release */,
			);
			defaultConfigurationIsVisible = 0;
			defaultConfigurationName = Release;
		};
		0471290F214A710E00C8F30A /* Build configuration list for PBXNativeTarget "HYTimeManager" */ = {
			isa = XCConfigurationList;
			buildConfigurations = (
				04712910214A710E00C8F30A /* Debug */,
				04712911214A710E00C8F30A /* Release */,
			);
			defaultConfigurationIsVisible = 0;
			defaultConfigurationName = Release;
		};
/* End XCConfigurationList section */
	};
	rootObject = 047128F1214A710C00C8F30A /* Project object */;
}
